// !$*UTF8*$!
{
	archiveVersion = 1;
	classes = {
	};
	objectVersion = 50;
	objects = {

/* Begin PBXBuildFile section */
		C5AF742C2192BFEB00D1A7DA /* AppDelegate.swift in Sources */ = {isa = PBXBuildFile; fileRef = C5AF742B2192BFEB00D1A7DA /* AppDelegate.swift */; };
		C5AF742E2192BFEB00D1A7DA /* ViewController.swift in Sources */ = {isa = PBXBuildFile; fileRef = C5AF742D2192BFEB00D1A7DA /* ViewController.swift */; };
		C5AF74312192BFEB00D1A7DA /* Main.storyboard in Resources */ = {isa = PBXBuildFile; fileRef = C5AF742F2192BFEB00D1A7DA /* Main.storyboard */; };
		C5AF74332192BFED00D1A7DA /* Assets.xcassets in Resources */ = {isa = PBXBuildFile; fileRef = C5AF74322192BFED00D1A7DA /* Assets.xcassets */; };
		C5AF74362192BFED00D1A7DA /* LaunchScreen.storyboard in Resources */ = {isa = PBXBuildFile; fileRef = C5AF74342192BFED00D1A7DA /* LaunchScreen.storyboard */; };
		C5AF74402192C2D600D1A7DA /* InputValueViewController.swift in Sources */ = {isa = PBXBuildFile; fileRef = C5AF743F2192C2D600D1A7DA /* InputValueViewController.swift */; };
/* End PBXBuildFile section */

/* Begin PBXFileReference section */
		C5AF74282192BFEB00D1A7DA /* bluetooth1107.app */ = {isa = PBXFileReference; explicitFileType = wrapper.application; includeInIndex = 0; path = bluetooth1107.app; sourceTree = BUILT_PRODUCTS_DIR; };
		C5AF742B2192BFEB00D1A7DA /* AppDelegate.swift */ = {isa = PBXFileReference; lastKnownFileType = sourcecode.swift; path = AppDelegate.swift; sourceTree = "<group>"; };
		C5AF742D2192BFEB00D1A7DA /* ViewController.swift */ = {isa = PBXFileReference; lastKnownFileType = sourcecode.swift; path = ViewController.swift; sourceTree = "<group>"; };
		C5AF74302192BFEB00D1A7DA /* Base */ = {isa = PBXFileReference; lastKnownFileType = file.storyboard; name = Base; path = Base.lproj/Main.storyboard; sourceTree = "<group>"; };
		C5AF74322192BFED00D1A7DA /* Assets.xcassets */ = {isa = PBXFileReference; lastKnownFileType = folder.assetcatalog; path = Assets.xcassets; sourceTree = "<group>"; };
		C5AF74352192BFED00D1A7DA /* Base */ = {isa = PBXFileReference; lastKnownFileType = file.storyboard; name = Base; path = Base.lproj/LaunchScreen.storyboard; sourceTree = "<group>"; };
		C5AF74372192BFED00D1A7DA /* Info.plist */ = {isa = PBXFileReference; lastKnownFileType = text.plist.xml; path = Info.plist; sourceTree = "<group>"; };
		C5AF743F2192C2D600D1A7DA /* InputValueViewController.swift */ = {isa = PBXFileReference; lastKnownFileType = sourcecode.swift; path = InputValueViewController.swift; sourceTree = "<group>"; };
/* End PBXFileReference section */

/* Begin PBXFrameworksBuildPhase section */
		C5AF74252192BFEB00D1A7DA /* Frameworks */ = {
			isa = PBXFrameworksBuildPhase;
			buildActionMask = 2147483647;
			files = (
			);
			runOnlyForDeploymentPostprocessing = 0;
		};
/* End PBXFrameworksBuildPhase section */

/* Begin PBXGroup section */
		C5AF741F2192BFEB00D1A7DA = {
			isa = PBXGroup;
			children = (
				C5AF742A2192BFEB00D1A7DA /* bluetooth1107 */,
				C5AF74292192BFEB00D1A7DA /* Products */,
			);
			sourceTree = "<group>";
		};
		C5AF74292192BFEB00D1A7DA /* Products */ = {
			isa = PBXGroup;
			children = (
				C5AF74282192BFEB00D1A7DA /* bluetooth1107.app */,
			);
			name = Products;
			sourceTree = "<group>";
		};
		C5AF742A2192BFEB00D1A7DA /* bluetooth1107 */ = {
			isa = PBXGroup;
			children = (
				C5AF742B2192BFEB00D1A7DA /* AppDelegate.swift */,
				C5AF742D2192BFEB00D1A7DA /* ViewController.swift */,
				C5AF742F2192BFEB00D1A7DA /* Main.storyboard */,
				C5AF74322192BFED00D1A7DA /* Assets.xcassets */,
				C5AF74342192BFED00D1A7DA /* LaunchScreen.storyboard */,
				C5AF74372192BFED00D1A7DA /* Info.plist */,
				C5AF743F2192C2D600D1A7DA /* InputValueViewController.swift */,
			);
			path = bluetooth1107;
			sourceTree = "<group>";
		};
/* End PBXGroup section */

/* Begin PBXNativeTarget section */
		C5AF74272192BFEB00D1A7DA /* bluetooth1107 */ = {
			isa = PBXNativeTarget;
			buildConfigurationList = C5AF743A2192BFED00D1A7DA /* Build configuration list for PBXNativeTarget "bluetooth1107" */;
			buildPhases = (
				C5AF74242192BFEB00D1A7DA /* Sources */,
				C5AF74252192BFEB00D1A7DA /* Frameworks */,
				C5AF74262192BFEB00D1A7DA /* Resources */,
			);
			buildRules = (
			);
			dependencies = (
			);
			name = bluetooth1107;
			productName = bluetooth1107;
			productReference = C5AF74282192BFEB00D1A7DA /* bluetooth1107.app */;
			productType = "com.apple.product-type.application";
		};
/* End PBXNativeTarget section */

/* Begin PBXProject section */
		C5AF74202192BFEB00D1A7DA /* Project object */ = {
			isa = PBXProject;
			attributes = {
				LastSwiftUpdateCheck = 1000;
				LastUpgradeCheck = 1000;
				ORGANIZATIONNAME = Betty;
				TargetAttributes = {
					C5AF74272192BFEB00D1A7DA = {
						CreatedOnToolsVersion = 10.0;
					};
				};
			};
			buildConfigurationList = C5AF74232192BFEB00D1A7DA /* Build configuration list for PBXProject "bluetooth1107" */;
			compatibilityVersion = "Xcode 9.3";
			developmentRegion = en;
			hasScannedForEncodings = 0;
			knownRegions = (
				en,
				Base,
			);
			mainGroup = C5AF741F2192BFEB00D1A7DA;
			productRefGroup = C5AF74292192BFEB00D1A7DA /* Products */;
			projectDirPath = "";
			projectRoot = "";
			targets = (
				C5AF74272192BFEB00D1A7DA /* bluetooth1107 */,
			);
		};
/* End PBXProject section */

/* Begin PBXResourcesBuildPhase section */
		C5AF74262192BFEB00D1A7DA /* Resources */ = {
			isa = PBXResourcesBuildPhase;
			buildActionMask = 2147483647;
			files = (
				C5AF74362192BFED00D1A7DA /* LaunchScreen.storyboard in Resources */,
				C5AF74332192BFED00D1A7DA /* Assets.xcassets in Resources */,
				C5AF74312192BFEB00D1A7DA /* Main.storyboard in Resources */,
			);
			runOnlyForDeploymentPostprocessing = 0;
		};
/* End PBXResourcesBuildPhase section */

/* Begin PBXSourcesBuildPhase section */
		C5AF74242192BFEB00D1A7DA /* Sources */ = {
			isa = PBXSourcesBuildPhase;
			buildActionMask = 2147483647;
			files = (
				C5AF74402192C2D600D1A7DA /* InputValueViewController.swift in Sources */,
				C5AF742E2192BFEB00D1A7DA /* ViewController.swift in Sources */,
				C5AF742C2192BFEB00D1A7DA /* AppDelegate.swift in Sources */,
			);
			runOnlyForDeploymentPostprocessing = 0;
		};
/* End PBXSourcesBuildPhase section */

/* Begin PBXVariantGroup section */
		C5AF742F2192BFEB00D1A7DA /* Main.storyboard */ = {
			isa = PBXVariantGroup;
			children = (
				C5AF74302192BFEB00D1A7DA /* Base */,
			);
			name = Main.storyboard;
			sourceTree = "<group>";
		};
		C5AF74342192BFED00D1A7DA /* LaunchScreen.storyboard */ = {
			isa = PBXVariantGroup;
			children = (
				C5AF74352192BFED00D1A7DA /* Base */,
			);
			name = LaunchScreen.storyboard;
			sourceTree = "<group>";
		};
/* End PBXVariantGroup section */

/* Begin XCBuildConfiguration section */
		C5AF74382192BFED00D1A7DA /* Debug */ = {
			isa = XCBuildConfiguration;
			buildSettings = {
				ALWAYS_SEARCH_USER_PATHS = NO;
				CLANG_ANALYZER_NONNULL = YES;
				CLANG_ANALYZER_NUMBER_OBJECT_CONVERSION = YES_AGGRESSIVE;
				CLANG_CXX_LANGUAGE_STANDARD = "gnu++14";
				CLANG_CXX_LIBRARY = "libc++";
				CLANG_ENABLE_MODULES = YES;
				CLANG_ENABLE_OBJC_ARC = YES;
				CLANG_ENABLE_OBJC_WEAK = YES;
				CLANG_WARN_BLOCK_CAPTURE_AUTORELEASING = YES;
				CLANG_WARN_BOOL_CONVERSION = YES;
				CLANG_WARN_COMMA = YES;
				CLANG_WARN_CONSTANT_CONVERSION = YES;
				CLANG_WARN_DEPRECATED_OBJC_IMPLEMENTATIONS = YES;
				CLANG_WARN_DIRECT_OBJC_ISA_USAGE = YES_ERROR;
				CLANG_WARN_DOCUMENTATION_COMMENTS = YES;
				CLANG_WARN_EMPTY_BODY = YES;
				CLANG_WARN_ENUM_CONVERSION = YES;
				CLANG_WARN_INFINITE_RECURSION = YES;
				CLANG_WARN_INT_CONVERSION = YES;
				CLANG_WARN_NON_LITERAL_NULL_CONVERSION = YES;
				CLANG_WARN_OBJC_IMPLICIT_RETAIN_SELF = YES;
				CLANG_WARN_OBJC_LITERAL_CONVERSION = YES;
				CLANG_WARN_OBJC_ROOT_CLASS = YES_ERROR;
				CLANG_WARN_RANGE_LOOP_ANALYSIS = YES;
				CLANG_WARN_STRICT_PROTOTYPES = YES;
				CLANG_WARN_SUSPICIOUS_MOVE = YES;
				CLANG_WARN_UNGUARDED_AVAILABILITY = YES_AGGRESSIVE;
				CLANG_WARN_UNREACHABLE_CODE = YES;
				CLANG_WARN__DUPLICATE_METHOD_MATCH = YES;
				CODE_SIGN_IDENTITY = "iPhone Developer";
				COPY_PHASE_STRIP = NO;
				DEBUG_INFORMATION_FORMAT = dwarf;
				ENABLE_STRICT_OBJC_MSGSEND = YES;
				ENABLE_TESTABILITY = YES;
				GCC_C_LANGUAGE_STANDARD = gnu11;
				GCC_DYNAMIC_NO_PIC = NO;
				GCC_NO_COMMON_BLOCKS = YES;
				GCC_OPTIMIZATION_LEVEL = 0;
				GCC_PREPROCESSOR_DEFINITIONS = (
					"DEBUG=1",
					"$(inherited)",
				);
				GCC_WARN_64_TO_32_BIT_CONVERSION = YES;
				GCC_WARN_ABOUT_RETURN_TYPE = YES_ERROR;
				GCC_WARN_UNDECLARED_SELECTOR = YES;
				GCC_WARN_UNINITIALIZED_AUTOS = YES_AGGRESSIVE;
				GCC_WARN_UNUSED_FUNCTION = YES;
				GCC_WARN_UNUSED_VARIABLE = YES;
				IPHONEOS_DEPLOYMENT_TARGET = 12.0;
				MTL_ENABLE_DEBUG_INFO = INCLUDE_SOURCE;
				MTL_FAST_MATH = YES;
				ONLY_ACTIVE_ARCH = YES;
				SDKROOT = iphoneos;
				SWIFT_ACTIVE_COMPILATION_CONDITIONS = DEBUG;
				SWIFT_OPTIMIZATION_LEVEL = "-Onone";
			};
			name = Debug;
		};
		C5AF74392192BFED00D1A7DA /* Release */ = {
			isa = XCBuildConfiguration;
			buildSettings = {
				ALWAYS_SEARCH_USER_PATHS = NO;
				CLANG_ANALYZER_NONNULL = YES;
				CLANG_ANALYZER_NUMBER_OBJECT_CONVERSION = YES_AGGRESSIVE;
				CLANG_CXX_LANGUAGE_STANDARD = "gnu++14";
				CLANG_CXX_LIBRARY = "libc++";
				CLANG_ENABLE_MODULES = YES;
				CLANG_ENABLE_OBJC_ARC = YES;
				CLANG_ENABLE_OBJC_WEAK = YES;
				CLANG_WARN_BLOCK_CAPTURE_AUTORELEASING = YES;
				CLANG_WARN_BOOL_CONVERSION = YES;
				CLANG_WARN_COMMA = YES;
				CLANG_WARN_CONSTANT_CONVERSION = YES;
				CLANG_WARN_DEPRECATED_OBJC_IMPLEMENTATIONS = YES;
				CLANG_WARN_DIRECT_OBJC_ISA_USAGE = YES_ERROR;
				CLANG_WARN_DOCUMENTATION_COMMENTS = YES;
				CLANG_WARN_EMPTY_BODY = YES;
				CLANG_WARN_ENUM_CONVERSION = YES;
				CLANG_WARN_INFINITE_RECURSION = YES;
				CLANG_WARN_INT_CONVERSION = YES;
				CLANG_WARN_NON_LITERAL_NULL_CONVERSION = YES;
				CLANG_WARN_OBJC_IMPLICIT_RETAIN_SELF = YES;
				CLANG_WARN_OBJC_LITERAL_CONVERSION = YES;
				CLANG_WARN_OBJC_ROOT_CLASS = YES_ERROR;
				CLANG_WARN_RANGE_LOOP_ANALYSIS = YES;
				CLANG_WARN_STRICT_PROTOTYPES = YES;
				CLANG_WARN_SUSPICIOUS_MOVE = YES;
				CLANG_WARN_UNGUARDED_AVAILABILITY = YES_AGGRESSIVE;
				CLANG_WARN_UNREACHABLE_CODE = YES;
				CLANG_WARN__DUPLICATE_METHOD_MATCH = YES;
				CODE_SIGN_IDENTITY = "iPhone Developer";
				COPY_PHASE_STRIP = NO;
				DEBUG_INFORMATION_FORMAT = "dwarf-with-dsym";
				ENABLE_NS_ASSERTIONS = NO;
				ENABLE_STRICT_OBJC_MSGSEND = YES;
				GCC_C_LANGUAGE_STANDARD = gnu11;
				GCC_NO_COMMON_BLOCKS = YES;
				GCC_WARN_64_TO_32_BIT_CONVERSION = YES;
				GCC_WARN_ABOUT_RETURN_TYPE = YES_ERROR;
				GCC_WARN_UNDECLARED_SELECTOR = YES;
				GCC_WARN_UNINITIALIZED_AUTOS = YES_AGGRESSIVE;
				GCC_WARN_UNUSED_FUNCTION = YES;
				GCC_WARN_UNUSED_VARIABLE = YES;
				IPHONEOS_DEPLOYMENT_TARGET = 12.0;
				MTL_ENABLE_DEBUG_INFO = NO;
				MTL_FAST_MATH = YES;
				SDKROOT = iphoneos;
				SWIFT_COMPILATION_MODE = wholemodule;
				SWIFT_OPTIMIZATION_LEVEL = "-O";
				VALIDATE_PRODUCT = YES;
			};
			name = Release;
		};
		C5AF743B2192BFED00D1A7DA /* Debug */ = {
			isa = XCBuildConfiguration;
			buildSettings = {
				ASSETCATALOG_COMPILER_APPICON_NAME = AppIcon;
				CODE_SIGN_STYLE = Automatic;
				DEVELOPMENT_TEAM = 9W2436A8SV;
				INFOPLIST_FILE = bluetooth1107/Info.plist;
				LD_RUNPATH_SEARCH_PATHS = (
					"$(inherited)",
					"@executable_path/Frameworks",
				);
				PRODUCT_BUNDLE_IDENTIFIER = b.bluetooth1107;
				PRODUCT_NAME = "$(TARGET_NAME)";
				SWIFT_VERSION = 4.2;
				TARGETED_DEVICE_FAMILY = "1,2";
			};
			name = Debug;
		};
		C5AF743C2192BFED00D1A7DA /* Release */ = {
			isa = XCBuildConfiguration;
			buildSettings = {
				ASSETCATALOG_COMPILER_APPICON_NAME = AppIcon;
				CODE_SIGN_STYLE = Automatic;
				DEVELOPMENT_TEAM = 9W2436A8SV;
				INFOPLIST_FILE = bluetooth1107/Info.plist;
				LD_RUNPATH_SEARCH_PATHS = (
					"$(inherited)",
					"@executable_path/Frameworks",
				);
				PRODUCT_BUNDLE_IDENTIFIER = b.bluetooth1107;
				PRODUCT_NAME = "$(TARGET_NAME)";
				SWIFT_VERSION = 4.2;
				TARGETED_DEVICE_FAMILY = "1,2";
			};
			name = Release;
		};
/* End XCBuildConfiguration section */

/* Begin XCConfigurationList section */
		C5AF74232192BFEB00D1A7DA /* Build configuration list for PBXProject "bluetooth1107" */ = {
			isa = XCConfigurationList;
			buildConfigurations = (
				C5AF74382192BFED00D1A7DA /* Debug */,
				C5AF74392192BFED00D1A7DA /* Release */,
			);
			defaultConfigurationIsVisible = 0;
			defaultConfigurationName = Release;
		};
		C5AF743A2192BFED00D1A7DA /* Build configuration list for PBXNativeTarget "bluetooth1107" */ = {
			isa = XCConfigurationList;
			buildConfigurations = (
				C5AF743B2192BFED00D1A7DA /* Debug */,
				C5AF743C2192BFED00D1A7DA /* Release */,
			);
			defaultConfigurationIsVisible = 0;
			defaultConfigurationName = Release;
		};
/* End XCConfigurationList section */
	};
	rootObject = C5AF74202192BFEB00D1A7DA /* Project object */;
}
